
Microsoft Visual Studio Solution File, Format Version 12.00
# Visual Studio Version 17
VisualStudioVersion = 17.9.34310.174
MinimumVisualStudioVersion = 10.0.40219.1
Project("{9A19103F-16F7-4668-BE54-9A1E7A4F7556}") = "CircuitsInactivityMonitorApp", "CircuitsInactivityMonitorApp.csproj", "{EB0F6AB6-9629-4657-9BDC-1E4F91CF960E}"
EndProject
Global
	GlobalSection(SolutionConfigurationPlatforms) = preSolution
		Debug|Any CPU = Debug|Any CPU
		Release|Any CPU = Release|Any CPU
	EndGlobalSection
	GlobalSection(ProjectConfigurationPlatforms) = postSolution
		{EB0F6AB6-9629-4657-9BDC-1E4F91CF960E}.Debug|Any CPU.ActiveCfg = Debug|Any CPU
		{EB0F6AB6-9629-4657-9BDC-1E4F91CF960E}.Debug|Any CPU.Build.0 = Debug|Any CPU
		{EB0F6AB6-9629-4657-9BDC-1E4F91CF960E}.Release|Any CPU.ActiveCfg = Release|Any CPU
		{EB0F6AB6-9629-4657-9BDC-1E4F91CF960E}.Release|Any CPU.Build.0 = Release|Any CPU
	EndGlobalSection
	GlobalSection(SolutionProperties) = preSolution
		HideSolutionNode = FALSE
	EndGlobalSection
	GlobalSection(ExtensibilityGlobals) = postSolution
		SolutionGuid = {83ECDE7B-C38F-4DE4-ABD2-5D8226BC707D}
	EndGlobalSection
EndGlobal
